{
  "name": "CA_DB_test",
  "version": "1.0.0",
  "lockfileVersion": 1,
  "requires": true,
  "dependencies": {
    "generic-pool": {
      "version": "3.4.1",
      "resolved": "https://registry.npmjs.org/generic-pool/-/generic-pool-3.4.1.tgz",
      "integrity": "sha512-xlWAyJMFhjrHYYxoQqT8YQprhSJgMb1AwZjvSzAH8xJEeXpPOWl1zj03heMdJVfa/34BZSclzvGUOaA9qcyIKw=="
    },
    "lru-cache": {
      "version": "2.7.3",
      "resolved": "https://registry.npmjs.org/lru-cache/-/lru-cache-2.7.3.tgz",
      "integrity": "sha1-bUUk6LlV+V1PW1iFHOId1y+06VI="
    },
    "mariasql": {
      "version": "0.2.6",
      "resolved": "https://registry.npmjs.org/mariasql/-/mariasql-0.2.6.tgz",
      "integrity": "sha1-q3iwZxFy8Or06A3a0Cm4A/Nc93o=",
      "requires": {
        "lru-cache": "2.7.3",
        "nan": "2.6.2"
      }
    },
    "nan": {
      "version": "2.6.2",
      "resolved": "https://registry.npmjs.org/nan/-/nan-2.6.2.tgz",
      "integrity": "sha1-5P805slf37WuzAjeZZb0NgWn20U="
    }
  }
}
